name: 🔑 Manual State Unlock (Temporary)

on:
  workflow_dispatch: # 手動実行専用

jobs:
  unlock:
    runs-on: ubuntu-latest
    
    permissions:
      id-token: write
      contents: read

    steps:
      - name: Checkout code
        uses: actions/checkout@v4

      - name: Configure AWS Credentials
        uses: aws-actions/configure-aws-credentials@v4
        with:
          # deploy.ymlやdestroy.ymlと同じIAMロールのARNを指定
          role-to-assume: arn:aws:iam::${{ secrets.AWS_ACCOUNT_ID }}:role/GitHubActions-Terraform-Deployer
          aws-region: ap-northeast-1

      - name: Setup Terraform
        uses: hashicorp/setup-terraform@v3
        with:
          terraform_version: 1.13.5
          
      - name: Terraform Init
        # ★★★ 修正箇所: -lock=false フラグを追加 ★★★
        run: terraform init -lock=false 
        working-directory: ./infra
        env:
          TF_VAR_db_password: ${{ secrets.DB_MASTER_PASSWORD }}
          
      # ★★★ 修正箇所: Force Unlock と Destroy を統合 ★★★
      - name: Force Unlock and Destroy Environment
        run: |
          # 1. ロックを強制解除
          echo "Attempting to force unlock the state..."
          terraform force-unlock -force 3ae2ccf7-4724-be2b-400b-a17e00ac2b1c
          
          # 2. ロック解除の確認を待たずに、すぐにDestroyを実行
          echo "State unlocked. Starting immediate destroy..."
          terraform destroy -auto-approve
        
        working-directory: ./infra
        env:
          TF_VAR_db_password: ${{ secrets.DB_MASTER_PASSWORD }}